
Microsoft Visual Studio Solution File, Format Version 12.00
# Visual Studio Version 17
VisualStudioVersion = 17.14.36623.8
MinimumVisualStudioVersion = 10.0.40219.1
Project("{FAE04EC0-301F-11D3-BF4B-00C04F79EFBC}") = "MetadataManager", "MetadataManager.csproj", "{97E1BD6F-C23B-4008-BEDC-70B2683201B1}"
EndProject
Project("{2150E333-8FDC-42A3-9474-1A3956D46DE8}") = "tests", "tests", "{0AB3BF05-4346-4AA6-1389-037BE0695223}"
EndProject
Project("{FAE04EC0-301F-11D3-BF4B-00C04F79EFBC}") = "MetadataManager.Tests", "tests\MetadataManager.Tests\MetadataManager.Tests.csproj", "{22E2D215-055E-4C81-8EF5-20DE0650B7DE}"
EndProject
Global
	GlobalSection(SolutionConfigurationPlatforms) = preSolution
		Debug|Any CPU = Debug|Any CPU
		Debug|x64 = Debug|x64
		Debug|x86 = Debug|x86
		Release|Any CPU = Release|Any CPU
		Release|x64 = Release|x64
		Release|x86 = Release|x86
	EndGlobalSection
	GlobalSection(ProjectConfigurationPlatforms) = postSolution
		{97E1BD6F-C23B-4008-BEDC-70B2683201B1}.Debug|Any CPU.ActiveCfg = Debug|Any CPU
		{97E1BD6F-C23B-4008-BEDC-70B2683201B1}.Debug|Any CPU.Build.0 = Debug|Any CPU
		{97E1BD6F-C23B-4008-BEDC-70B2683201B1}.Debug|x64.ActiveCfg = Debug|Any CPU
		{97E1BD6F-C23B-4008-BEDC-70B2683201B1}.Debug|x64.Build.0 = Debug|Any CPU
		{97E1BD6F-C23B-4008-BEDC-70B2683201B1}.Debug|x86.ActiveCfg = Debug|Any CPU
		{97E1BD6F-C23B-4008-BEDC-70B2683201B1}.Debug|x86.Build.0 = Debug|Any CPU
		{97E1BD6F-C23B-4008-BEDC-70B2683201B1}.Release|Any CPU.ActiveCfg = Release|Any CPU
		{97E1BD6F-C23B-4008-BEDC-70B2683201B1}.Release|Any CPU.Build.0 = Release|Any CPU
		{97E1BD6F-C23B-4008-BEDC-70B2683201B1}.Release|x64.ActiveCfg = Release|Any CPU
		{97E1BD6F-C23B-4008-BEDC-70B2683201B1}.Release|x64.Build.0 = Release|Any CPU
		{97E1BD6F-C23B-4008-BEDC-70B2683201B1}.Release|x86.ActiveCfg = Release|Any CPU
		{97E1BD6F-C23B-4008-BEDC-70B2683201B1}.Release|x86.Build.0 = Release|Any CPU
		{22E2D215-055E-4C81-8EF5-20DE0650B7DE}.Debug|Any CPU.ActiveCfg = Debug|Any CPU
		{22E2D215-055E-4C81-8EF5-20DE0650B7DE}.Debug|Any CPU.Build.0 = Debug|Any CPU
		{22E2D215-055E-4C81-8EF5-20DE0650B7DE}.Debug|x64.ActiveCfg = Debug|Any CPU
		{22E2D215-055E-4C81-8EF5-20DE0650B7DE}.Debug|x64.Build.0 = Debug|Any CPU
		{22E2D215-055E-4C81-8EF5-20DE0650B7DE}.Debug|x86.ActiveCfg = Debug|Any CPU
		{22E2D215-055E-4C81-8EF5-20DE0650B7DE}.Debug|x86.Build.0 = Debug|Any CPU
		{22E2D215-055E-4C81-8EF5-20DE0650B7DE}.Release|Any CPU.ActiveCfg = Release|Any CPU
		{22E2D215-055E-4C81-8EF5-20DE0650B7DE}.Release|Any CPU.Build.0 = Release|Any CPU
		{22E2D215-055E-4C81-8EF5-20DE0650B7DE}.Release|x64.ActiveCfg = Release|Any CPU
		{22E2D215-055E-4C81-8EF5-20DE0650B7DE}.Release|x64.Build.0 = Release|Any CPU
		{22E2D215-055E-4C81-8EF5-20DE0650B7DE}.Release|x86.ActiveCfg = Release|Any CPU
		{22E2D215-055E-4C81-8EF5-20DE0650B7DE}.Release|x86.Build.0 = Release|Any CPU
	EndGlobalSection
	GlobalSection(SolutionProperties) = preSolution
		HideSolutionNode = FALSE
	EndGlobalSection
	GlobalSection(NestedProjects) = preSolution
		{22E2D215-055E-4C81-8EF5-20DE0650B7DE} = {0AB3BF05-4346-4AA6-1389-037BE0695223}
	EndGlobalSection
	GlobalSection(ExtensibilityGlobals) = postSolution
		SolutionGuid = {5E2CF47A-50DC-4BF6-B613-5766F23D7BB4}
	EndGlobalSection
EndGlobal
